
Microsoft Visual Studio Solution File, Format Version 12.00
# Visual Studio 15
VisualStudioVersion = 15.0.28307.757
MinimumVisualStudioVersion = 10.0.40219.1
Project("{FAE04EC0-301F-11D3-BF4B-00C04F79EFBC}") = "DAM.Api", "DAM.Api\DAM.Api.csproj", "{31711C0A-338B-4247-913A-2F6F03256F64}"
EndProject
Project("{FAE04EC0-301F-11D3-BF4B-00C04F79EFBC}") = "DAM.Site", "DAM.Site\DAM.Site.csproj", "{DCDEE38E-34ED-4FB4-B71A-6F29562C3E56}"
EndProject
Global
	GlobalSection(SolutionConfigurationPlatforms) = preSolution
		Debug|Any CPU = Debug|Any CPU
		Release|Any CPU = Release|Any CPU
	EndGlobalSection
	GlobalSection(ProjectConfigurationPlatforms) = postSolution
		{31711C0A-338B-4247-913A-2F6F03256F64}.Debug|Any CPU.ActiveCfg = Debug|Any CPU
		{31711C0A-338B-4247-913A-2F6F03256F64}.Debug|Any CPU.Build.0 = Debug|Any CPU
		{31711C0A-338B-4247-913A-2F6F03256F64}.Release|Any CPU.ActiveCfg = Release|Any CPU
		{31711C0A-338B-4247-913A-2F6F03256F64}.Release|Any CPU.Build.0 = Release|Any CPU
		{DCDEE38E-34ED-4FB4-B71A-6F29562C3E56}.Debug|Any CPU.ActiveCfg = Debug|Any CPU
		{DCDEE38E-34ED-4FB4-B71A-6F29562C3E56}.Debug|Any CPU.Build.0 = Debug|Any CPU
		{DCDEE38E-34ED-4FB4-B71A-6F29562C3E56}.Release|Any CPU.ActiveCfg = Release|Any CPU
		{DCDEE38E-34ED-4FB4-B71A-6F29562C3E56}.Release|Any CPU.Build.0 = Release|Any CPU
	EndGlobalSection
	GlobalSection(SolutionProperties) = preSolution
		HideSolutionNode = FALSE
	EndGlobalSection
	GlobalSection(ExtensibilityGlobals) = postSolution
		SolutionGuid = {4612ADCC-2AA5-4078-8F09-64EF5DA53B82}
	EndGlobalSection
EndGlobal
